
Microsoft Visual Studio Solution File, Format Version 12.00
# Visual Studio Version 16
VisualStudioVersion = 16.0.28803.352
MinimumVisualStudioVersion = 10.0.40219.1
Project("{8BC9CEB8-8B4A-11D0-8D11-00A0C91BC942}") = "ANALISIS_TT_TP3_CvitanichStefano_SuarezBrian", "ANALISIS_TT_TP3_CvitanichStefano_SuarezBrian\ANALISIS_TT_TP3_CvitanichStefano_SuarezBrian.vcxproj", "{BA53BEB2-57EA-443A-A10E-3E2A7076CF1A}"
EndProject
Global
	GlobalSection(SolutionConfigurationPlatforms) = preSolution
		Debug|x64 = Debug|x64
		Debug|x86 = Debug|x86
		Release|x64 = Release|x64
		Release|x86 = Release|x86
	EndGlobalSection
	GlobalSection(ProjectConfigurationPlatforms) = postSolution
		{BA53BEB2-57EA-443A-A10E-3E2A7076CF1A}.Debug|x64.ActiveCfg = Debug|x64
		{BA53BEB2-57EA-443A-A10E-3E2A7076CF1A}.Debug|x64.Build.0 = Debug|x64
		{BA53BEB2-57EA-443A-A10E-3E2A7076CF1A}.Debug|x86.ActiveCfg = Debug|Win32
		{BA53BEB2-57EA-443A-A10E-3E2A7076CF1A}.Debug|x86.Build.0 = Debug|Win32
		{BA53BEB2-57EA-443A-A10E-3E2A7076CF1A}.Release|x64.ActiveCfg = Release|x64
		{BA53BEB2-57EA-443A-A10E-3E2A7076CF1A}.Release|x64.Build.0 = Release|x64
		{BA53BEB2-57EA-443A-A10E-3E2A7076CF1A}.Release|x86.ActiveCfg = Release|Win32
		{BA53BEB2-57EA-443A-A10E-3E2A7076CF1A}.Release|x86.Build.0 = Release|Win32
	EndGlobalSection
	GlobalSection(SolutionProperties) = preSolution
		HideSolutionNode = FALSE
	EndGlobalSection
	GlobalSection(ExtensibilityGlobals) = postSolution
		SolutionGuid = {C8E56ECE-3BEE-4081-AE9E-EEAA2B1B28F0}
	EndGlobalSection
EndGlobal
